
Microsoft Visual Studio Solution File, Format Version 12.00
# Visual Studio Version 16
VisualStudioVersion = 16.0.29911.84
MinimumVisualStudioVersion = 10.0.40219.1
Project("{FAE04EC0-301F-11D3-BF4B-00C04F79EFBC}") = "PickleAndHope", "PickleAndHope\PickleAndHope.csproj", "{C323F79E-AC15-4CAE-8F04-80813BA33BF5}"
EndProject
Global
	GlobalSection(SolutionConfigurationPlatforms) = preSolution
		Debug|Any CPU = Debug|Any CPU
		Release|Any CPU = Release|Any CPU
	EndGlobalSection
	GlobalSection(ProjectConfigurationPlatforms) = postSolution
		{C323F79E-AC15-4CAE-8F04-80813BA33BF5}.Debug|Any CPU.ActiveCfg = Debug|Any CPU
		{C323F79E-AC15-4CAE-8F04-80813BA33BF5}.Debug|Any CPU.Build.0 = Debug|Any CPU
		{C323F79E-AC15-4CAE-8F04-80813BA33BF5}.Release|Any CPU.ActiveCfg = Release|Any CPU
		{C323F79E-AC15-4CAE-8F04-80813BA33BF5}.Release|Any CPU.Build.0 = Release|Any CPU
	EndGlobalSection
	GlobalSection(SolutionProperties) = preSolution
		HideSolutionNode = FALSE
	EndGlobalSection
	GlobalSection(ExtensibilityGlobals) = postSolution
		SolutionGuid = {A9A35B57-55D6-44BC-8F28-ABCF08D8C98C}
	EndGlobalSection
EndGlobal
